
Microsoft Visual Studio Solution File, Format Version 12.00
# Visual Studio Version 16
VisualStudioVersion = 16.0.29306.81
MinimumVisualStudioVersion = 10.0.40219.1
Project("{FAE04EC0-301F-11D3-BF4B-00C04F79EFBC}") = "GerberLibrary", "..\GerberLibrary\GerberLibrary.csproj", "{E1C3AA23-3A02-485F-976B-50A96052F00A}"
EndProject
Project("{2150E333-8FDC-42A3-9474-1A3956D46DE8}") = "CommandLineTools", "CommandLineTools", "{F705564A-6956-4675-A941-6ED916ADC0AD}"
EndProject
Project("{2150E333-8FDC-42A3-9474-1A3956D46DE8}") = "Library", "Library", "{AE8159BA-937D-4BDB-A5CA-FB8003121AC5}"
EndProject
Project("{FAE04EC0-301F-11D3-BF4B-00C04F79EFBC}") = "GerberToImage", "..\GerberToImage\GerberToImage.csproj", "{DC17441B-09C1-483E-AA75-60C6F0087A64}"
EndProject
Project("{2150E333-8FDC-42A3-9474-1A3956D46DE8}") = "Solution Items", "Solution Items", "{00796066-7833-4827-BCFB-1724A5D2E636}"
EndProject
Project("{2150E333-8FDC-42A3-9474-1A3956D46DE8}") = "Project_Utilities", "Project_Utilities", "{49E3D49C-EC26-42F7-B67D-742F8692E11E}"
EndProject
Project("{FAE04EC0-301F-11D3-BF4B-00C04F79EFBC}") = "ReleaseBuilder", "..\Project_Utilities\ReleaseBuilder\ReleaseBuilder.csproj", "{6BC377EE-F5ED-4A66-BBFE-68A669B8DA2C}"
EndProject
Project("{FAE04EC0-301F-11D3-BF4B-00C04F79EFBC}") = "IconBuilder", "..\Project_Utilities\IconBuilder\IconBuilder.csproj", "{24BA245D-125E-4FE4-B1FF-325B71546E4C}"
EndProject
Project("{FAE04EC0-301F-11D3-BF4B-00C04F79EFBC}") = "IconScanner", "..\Project_Utilities\IconScanner\IconScanner.csproj", "{2FA9476A-8780-44CF-A4E8-5EEB1E00D184}"
EndProject
Project("{FAE04EC0-301F-11D3-BF4B-00C04F79EFBC}") = "TINRS-ArtWork", "..\Project_Utilities\TilingLibrary\TINRS-ArtWork.csproj", "{02FDA308-BE9D-424E-950E-D86E72F4C16C}"
EndProject
Global
	GlobalSection(SolutionConfigurationPlatforms) = preSolution
		Debug|Any CPU = Debug|Any CPU
		Debug|x86 = Debug|x86
		Release|Any CPU = Release|Any CPU
		Release|x86 = Release|x86
	EndGlobalSection
	GlobalSection(ProjectConfigurationPlatforms) = postSolution
		{E1C3AA23-3A02-485F-976B-50A96052F00A}.Debug|Any CPU.ActiveCfg = Debug|Any CPU
		{E1C3AA23-3A02-485F-976B-50A96052F00A}.Debug|Any CPU.Build.0 = Debug|Any CPU
		{E1C3AA23-3A02-485F-976B-50A96052F00A}.Debug|x86.ActiveCfg = Debug|x86
		{E1C3AA23-3A02-485F-976B-50A96052F00A}.Debug|x86.Build.0 = Debug|x86
		{E1C3AA23-3A02-485F-976B-50A96052F00A}.Release|Any CPU.ActiveCfg = Release|Any CPU
		{E1C3AA23-3A02-485F-976B-50A96052F00A}.Release|Any CPU.Build.0 = Release|Any CPU
		{E1C3AA23-3A02-485F-976B-50A96052F00A}.Release|x86.ActiveCfg = Release|x86
		{E1C3AA23-3A02-485F-976B-50A96052F00A}.Release|x86.Build.0 = Release|x86
		{DC17441B-09C1-483E-AA75-60C6F0087A64}.Debug|Any CPU.ActiveCfg = Debug|Any CPU
		{DC17441B-09C1-483E-AA75-60C6F0087A64}.Debug|Any CPU.Build.0 = Debug|Any CPU
		{DC17441B-09C1-483E-AA75-60C6F0087A64}.Debug|x86.ActiveCfg = Debug|x86
		{DC17441B-09C1-483E-AA75-60C6F0087A64}.Debug|x86.Build.0 = Debug|x86
		{DC17441B-09C1-483E-AA75-60C6F0087A64}.Release|Any CPU.ActiveCfg = Release|Any CPU
		{DC17441B-09C1-483E-AA75-60C6F0087A64}.Release|Any CPU.Build.0 = Release|Any CPU
		{DC17441B-09C1-483E-AA75-60C6F0087A64}.Release|x86.ActiveCfg = Release|x86
		{DC17441B-09C1-483E-AA75-60C6F0087A64}.Release|x86.Build.0 = Release|x86
		{6BC377EE-F5ED-4A66-BBFE-68A669B8DA2C}.Debug|Any CPU.ActiveCfg = Debug|Any CPU
		{6BC377EE-F5ED-4A66-BBFE-68A669B8DA2C}.Debug|Any CPU.Build.0 = Debug|Any CPU
		{6BC377EE-F5ED-4A66-BBFE-68A669B8DA2C}.Debug|x86.ActiveCfg = Debug|Any CPU
		{6BC377EE-F5ED-4A66-BBFE-68A669B8DA2C}.Debug|x86.Build.0 = Debug|Any CPU
		{6BC377EE-F5ED-4A66-BBFE-68A669B8DA2C}.Release|Any CPU.ActiveCfg = Release|Any CPU
		{6BC377EE-F5ED-4A66-BBFE-68A669B8DA2C}.Release|Any CPU.Build.0 = Release|Any CPU
		{6BC377EE-F5ED-4A66-BBFE-68A669B8DA2C}.Release|x86.ActiveCfg = Release|Any CPU
		{6BC377EE-F5ED-4A66-BBFE-68A669B8DA2C}.Release|x86.Build.0 = Release|Any CPU
		{24BA245D-125E-4FE4-B1FF-325B71546E4C}.Debug|Any CPU.ActiveCfg = Debug|Any CPU
		{24BA245D-125E-4FE4-B1FF-325B71546E4C}.Debug|Any CPU.Build.0 = Debug|Any CPU
		{24BA245D-125E-4FE4-B1FF-325B71546E4C}.Debug|x86.ActiveCfg = Debug|Any CPU
		{24BA245D-125E-4FE4-B1FF-325B71546E4C}.Debug|x86.Build.0 = Debug|Any CPU
		{24BA245D-125E-4FE4-B1FF-325B71546E4C}.Release|Any CPU.ActiveCfg = Release|Any CPU
		{24BA245D-125E-4FE4-B1FF-325B71546E4C}.Release|Any CPU.Build.0 = Release|Any CPU
		{24BA245D-125E-4FE4-B1FF-325B71546E4C}.Release|x86.ActiveCfg = Release|Any CPU
		{24BA245D-125E-4FE4-B1FF-325B71546E4C}.Release|x86.Build.0 = Release|Any CPU
		{2FA9476A-8780-44CF-A4E8-5EEB1E00D184}.Debug|Any CPU.ActiveCfg = Debug|Any CPU
		{2FA9476A-8780-44CF-A4E8-5EEB1E00D184}.Debug|Any CPU.Build.0 = Debug|Any CPU
		{2FA9476A-8780-44CF-A4E8-5EEB1E00D184}.Debug|x86.ActiveCfg = Debug|Any CPU
		{2FA9476A-8780-44CF-A4E8-5EEB1E00D184}.Debug|x86.Build.0 = Debug|Any CPU
		{2FA9476A-8780-44CF-A4E8-5EEB1E00D184}.Release|Any CPU.ActiveCfg = Release|Any CPU
		{2FA9476A-8780-44CF-A4E8-5EEB1E00D184}.Release|Any CPU.Build.0 = Release|Any CPU
		{2FA9476A-8780-44CF-A4E8-5EEB1E00D184}.Release|x86.ActiveCfg = Release|Any CPU
		{2FA9476A-8780-44CF-A4E8-5EEB1E00D184}.Release|x86.Build.0 = Release|Any CPU
		{02FDA308-BE9D-424E-950E-D86E72F4C16C}.Debug|Any CPU.ActiveCfg = Debug|Any CPU
		{02FDA308-BE9D-424E-950E-D86E72F4C16C}.Debug|Any CPU.Build.0 = Debug|Any CPU
		{02FDA308-BE9D-424E-950E-D86E72F4C16C}.Debug|x86.ActiveCfg = Debug|Any CPU
		{02FDA308-BE9D-424E-950E-D86E72F4C16C}.Debug|x86.Build.0 = Debug|Any CPU
		{02FDA308-BE9D-424E-950E-D86E72F4C16C}.Release|Any CPU.ActiveCfg = Release|Any CPU
		{02FDA308-BE9D-424E-950E-D86E72F4C16C}.Release|Any CPU.Build.0 = Release|Any CPU
		{02FDA308-BE9D-424E-950E-D86E72F4C16C}.Release|x86.ActiveCfg = Release|Any CPU
		{02FDA308-BE9D-424E-950E-D86E72F4C16C}.Release|x86.Build.0 = Release|Any CPU
	EndGlobalSection
	GlobalSection(SolutionProperties) = preSolution
		HideSolutionNode = FALSE
	EndGlobalSection
	GlobalSection(NestedProjects) = preSolution
		{E1C3AA23-3A02-485F-976B-50A96052F00A} = {AE8159BA-937D-4BDB-A5CA-FB8003121AC5}
		{DC17441B-09C1-483E-AA75-60C6F0087A64} = {F705564A-6956-4675-A941-6ED916ADC0AD}
		{6BC377EE-F5ED-4A66-BBFE-68A669B8DA2C} = {49E3D49C-EC26-42F7-B67D-742F8692E11E}
		{24BA245D-125E-4FE4-B1FF-325B71546E4C} = {49E3D49C-EC26-42F7-B67D-742F8692E11E}
		{2FA9476A-8780-44CF-A4E8-5EEB1E00D184} = {49E3D49C-EC26-42F7-B67D-742F8692E11E}
		{02FDA308-BE9D-424E-950E-D86E72F4C16C} = {AE8159BA-937D-4BDB-A5CA-FB8003121AC5}
	EndGlobalSection
	GlobalSection(ExtensibilityGlobals) = postSolution
		SolutionGuid = {FF204A88-D467-4D27-816B-E8B2C30CA74F}
	EndGlobalSection
	GlobalSection(Performance) = preSolution
		HasPerformanceSessions = true
	EndGlobalSection
EndGlobal
